// !$*UTF8*$!
{
	archiveVersion = 1;
	classes = {
	};
	objectVersion = 48;
	objects = {

/* Begin PBXBuildFile section */
		6BD07A8F1FAE91BD000CA9B1 /* AppDelegate.swift in Sources */ = {isa = PBXBuildFile; fileRef = 6BD07A8E1FAE91BD000CA9B1 /* AppDelegate.swift */; };
		6BD07A911FAE91BD000CA9B1 /* ViewController.swift in Sources */ = {isa = PBXBuildFile; fileRef = 6BD07A901FAE91BD000CA9B1 /* ViewController.swift */; };
		6BD07A941FAE91BD000CA9B1 /* Main.storyboard in Resources */ = {isa = PBXBuildFile; fileRef = 6BD07A921FAE91BD000CA9B1 /* Main.storyboard */; };
		6BD07A961FAE91BD000CA9B1 /* Assets.xcassets in Resources */ = {isa = PBXBuildFile; fileRef = 6BD07A951FAE91BD000CA9B1 /* Assets.xcassets */; };
		6BD07A991FAE91BD000CA9B1 /* LaunchScreen.storyboard in Resources */ = {isa = PBXBuildFile; fileRef = 6BD07A971FAE91BD000CA9B1 /* LaunchScreen.storyboard */; };
		6BD07AA41FAE91BD000CA9B1 /* masupoTests.swift in Sources */ = {isa = PBXBuildFile; fileRef = 6BD07AA31FAE91BD000CA9B1 /* masupoTests.swift */; };
		6BD07AAF1FAE91BD000CA9B1 /* masupoUITests.swift in Sources */ = {isa = PBXBuildFile; fileRef = 6BD07AAE1FAE91BD000CA9B1 /* masupoUITests.swift */; };
		6BD07ABF1FAE937C000CA9B1 /* Kanna.framework in Frameworks */ = {isa = PBXBuildFile; fileRef = 6BD07ABC1FAE937B000CA9B1 /* Kanna.framework */; };
		6BD07AC01FAE937C000CA9B1 /* Kanna.framework in Embed Frameworks */ = {isa = PBXBuildFile; fileRef = 6BD07ABC1FAE937B000CA9B1 /* Kanna.framework */; settings = {ATTRIBUTES = (CodeSignOnCopy, RemoveHeadersOnCopy, ); }; };
		6BD07AC11FAE937C000CA9B1 /* NVActivityIndicatorView.framework in Frameworks */ = {isa = PBXBuildFile; fileRef = 6BD07ABD1FAE937B000CA9B1 /* NVActivityIndicatorView.framework */; };
		6BD07AC21FAE937C000CA9B1 /* NVActivityIndicatorView.framework in Embed Frameworks */ = {isa = PBXBuildFile; fileRef = 6BD07ABD1FAE937B000CA9B1 /* NVActivityIndicatorView.framework */; settings = {ATTRIBUTES = (CodeSignOnCopy, RemoveHeadersOnCopy, ); }; };
		6BD07AC31FAE937C000CA9B1 /* Alamofire.framework in Frameworks */ = {isa = PBXBuildFile; fileRef = 6BD07ABE1FAE937B000CA9B1 /* Alamofire.framework */; };
		6BD07AC41FAE937C000CA9B1 /* Alamofire.framework in Embed Frameworks */ = {isa = PBXBuildFile; fileRef = 6BD07ABE1FAE937B000CA9B1 /* Alamofire.framework */; settings = {ATTRIBUTES = (CodeSignOnCopy, RemoveHeadersOnCopy, ); }; };
/* End PBXBuildFile section */

/* Begin PBXContainerItemProxy section */
		6BD07AA01FAE91BD000CA9B1 /* PBXContainerItemProxy */ = {
			isa = PBXContainerItemProxy;
			containerPortal = 6BD07A831FAE91BD000CA9B1 /* Project object */;
			proxyType = 1;
			remoteGlobalIDString = 6BD07A8A1FAE91BD000CA9B1;
			remoteInfo = masupo;
		};
		6BD07AAB1FAE91BD000CA9B1 /* PBXContainerItemProxy */ = {
			isa = PBXContainerItemProxy;
			containerPortal = 6BD07A831FAE91BD000CA9B1 /* Project object */;
			proxyType = 1;
			remoteGlobalIDString = 6BD07A8A1FAE91BD000CA9B1;
			remoteInfo = masupo;
		};
/* End PBXContainerItemProxy section */

/* Begin PBXCopyFilesBuildPhase section */
		6BD07AC51FAE937C000CA9B1 /* Embed Frameworks */ = {
			isa = PBXCopyFilesBuildPhase;
			buildActionMask = 2147483647;
			dstPath = "";
			dstSubfolderSpec = 10;
			files = (
				6BD07AC21FAE937C000CA9B1 /* NVActivityIndicatorView.framework in Embed Frameworks */,
				6BD07AC41FAE937C000CA9B1 /* Alamofire.framework in Embed Frameworks */,
				6BD07AC01FAE937C000CA9B1 /* Kanna.framework in Embed Frameworks */,
			);
			name = "Embed Frameworks";
			runOnlyForDeploymentPostprocessing = 0;
		};
/* End PBXCopyFilesBuildPhase section */

/* Begin PBXFileReference section */
		6BD07A8B1FAE91BD000CA9B1 /* masupo.app */ = {isa = PBXFileReference; explicitFileType = wrapper.application; includeInIndex = 0; path = masupo.app; sourceTree = BUILT_PRODUCTS_DIR; };
		6BD07A8E1FAE91BD000CA9B1 /* AppDelegate.swift */ = {isa = PBXFileReference; lastKnownFileType = sourcecode.swift; path = AppDelegate.swift; sourceTree = "<group>"; };
		6BD07A901FAE91BD000CA9B1 /* ViewController.swift */ = {isa = PBXFileReference; lastKnownFileType = sourcecode.swift; path = ViewController.swift; sourceTree = "<group>"; };
		6BD07A931FAE91BD000CA9B1 /* Base */ = {isa = PBXFileReference; lastKnownFileType = file.storyboard; name = Base; path = Base.lproj/Main.storyboard; sourceTree = "<group>"; };
		6BD07A951FAE91BD000CA9B1 /* Assets.xcassets */ = {isa = PBXFileReference; lastKnownFileType = folder.assetcatalog; path = Assets.xcassets; sourceTree = "<group>"; };
		6BD07A981FAE91BD000CA9B1 /* Base */ = {isa = PBXFileReference; lastKnownFileType = file.storyboard; name = Base; path = Base.lproj/LaunchScreen.storyboard; sourceTree = "<group>"; };
		6BD07A9A1FAE91BD000CA9B1 /* Info.plist */ = {isa = PBXFileReference; lastKnownFileType = text.plist.xml; path = Info.plist; sourceTree = "<group>"; };
		6BD07A9F1FAE91BD000CA9B1 /* masupoTests.xctest */ = {isa = PBXFileReference; explicitFileType = wrapper.cfbundle; includeInIndex = 0; path = masupoTests.xctest; sourceTree = BUILT_PRODUCTS_DIR; };
		6BD07AA31FAE91BD000CA9B1 /* masupoTests.swift */ = {isa = PBXFileReference; lastKnownFileType = sourcecode.swift; path = masupoTests.swift; sourceTree = "<group>"; };
		6BD07AA51FAE91BD000CA9B1 /* Info.plist */ = {isa = PBXFileReference; lastKnownFileType = text.plist.xml; path = Info.plist; sourceTree = "<group>"; };
		6BD07AAA1FAE91BD000CA9B1 /* masupoUITests.xctest */ = {isa = PBXFileReference; explicitFileType = wrapper.cfbundle; includeInIndex = 0; path = masupoUITests.xctest; sourceTree = BUILT_PRODUCTS_DIR; };
		6BD07AAE1FAE91BD000CA9B1 /* masupoUITests.swift */ = {isa = PBXFileReference; lastKnownFileType = sourcecode.swift; path = masupoUITests.swift; sourceTree = "<group>"; };
		6BD07AB01FAE91BD000CA9B1 /* Info.plist */ = {isa = PBXFileReference; lastKnownFileType = text.plist.xml; path = Info.plist; sourceTree = "<group>"; };
		6BD07ABC1FAE937B000CA9B1 /* Kanna.framework */ = {isa = PBXFileReference; lastKnownFileType = wrapper.framework; name = Kanna.framework; path = Carthage/Build/iOS/Kanna.framework; sourceTree = "<group>"; };
		6BD07ABD1FAE937B000CA9B1 /* NVActivityIndicatorView.framework */ = {isa = PBXFileReference; lastKnownFileType = wrapper.framework; name = NVActivityIndicatorView.framework; path = Carthage/Build/iOS/NVActivityIndicatorView.framework; sourceTree = "<group>"; };
		6BD07ABE1FAE937B000CA9B1 /* Alamofire.framework */ = {isa = PBXFileReference; lastKnownFileType = wrapper.framework; name = Alamofire.framework; path = Carthage/Build/iOS/Alamofire.framework; sourceTree = "<group>"; };
/* End PBXFileReference section */

/* Begin PBXFrameworksBuildPhase section */
		6BD07A881FAE91BD000CA9B1 /* Frameworks */ = {
			isa = PBXFrameworksBuildPhase;
			buildActionMask = 2147483647;
			files = (
				6BD07AC11FAE937C000CA9B1 /* NVActivityIndicatorView.framework in Frameworks */,
				6BD07AC31FAE937C000CA9B1 /* Alamofire.framework in Frameworks */,
				6BD07ABF1FAE937C000CA9B1 /* Kanna.framework in Frameworks */,
			);
			runOnlyForDeploymentPostprocessing = 0;
		};
		6BD07A9C1FAE91BD000CA9B1 /* Frameworks */ = {
			isa = PBXFrameworksBuildPhase;
			buildActionMask = 2147483647;
			files = (
			);
			runOnlyForDeploymentPostprocessing = 0;
		};
		6BD07AA71FAE91BD000CA9B1 /* Frameworks */ = {
			isa = PBXFrameworksBuildPhase;
			buildActionMask = 2147483647;
			files = (
			);
			runOnlyForDeploymentPostprocessing = 0;
		};
/* End PBXFrameworksBuildPhase section */

/* Begin PBXGroup section */
		6BD07A821FAE91BD000CA9B1 = {
			isa = PBXGroup;
			children = (
				6BD07ABE1FAE937B000CA9B1 /* Alamofire.framework */,
				6BD07ABC1FAE937B000CA9B1 /* Kanna.framework */,
				6BD07ABD1FAE937B000CA9B1 /* NVActivityIndicatorView.framework */,
				6BD07A8D1FAE91BD000CA9B1 /* masupo */,
				6BD07AA21FAE91BD000CA9B1 /* masupoTests */,
				6BD07AAD1FAE91BD000CA9B1 /* masupoUITests */,
				6BD07A8C1FAE91BD000CA9B1 /* Products */,
			);
			sourceTree = "<group>";
		};
		6BD07A8C1FAE91BD000CA9B1 /* Products */ = {
			isa = PBXGroup;
			children = (
				6BD07A8B1FAE91BD000CA9B1 /* masupo.app */,
				6BD07A9F1FAE91BD000CA9B1 /* masupoTests.xctest */,
				6BD07AAA1FAE91BD000CA9B1 /* masupoUITests.xctest */,
			);
			name = Products;
			sourceTree = "<group>";
		};
		6BD07A8D1FAE91BD000CA9B1 /* masupo */ = {
			isa = PBXGroup;
			children = (
				6BD07A8E1FAE91BD000CA9B1 /* AppDelegate.swift */,
				6BD07A901FAE91BD000CA9B1 /* ViewController.swift */,
				6BD07A921FAE91BD000CA9B1 /* Main.storyboard */,
				6BD07A951FAE91BD000CA9B1 /* Assets.xcassets */,
				6BD07A971FAE91BD000CA9B1 /* LaunchScreen.storyboard */,
				6BD07A9A1FAE91BD000CA9B1 /* Info.plist */,
			);
			path = masupo;
			sourceTree = "<group>";
		};
		6BD07AA21FAE91BD000CA9B1 /* masupoTests */ = {
			isa = PBXGroup;
			children = (
				6BD07AA31FAE91BD000CA9B1 /* masupoTests.swift */,
				6BD07AA51FAE91BD000CA9B1 /* Info.plist */,
			);
			path = masupoTests;
			sourceTree = "<group>";
		};
		6BD07AAD1FAE91BD000CA9B1 /* masupoUITests */ = {
			isa = PBXGroup;
			children = (
				6BD07AAE1FAE91BD000CA9B1 /* masupoUITests.swift */,
				6BD07AB01FAE91BD000CA9B1 /* Info.plist */,
			);
			path = masupoUITests;
			sourceTree = "<group>";
		};
/* End PBXGroup section */

/* Begin PBXNativeTarget section */
		6BD07A8A1FAE91BD000CA9B1 /* masupo */ = {
			isa = PBXNativeTarget;
			buildConfigurationList = 6BD07AB31FAE91BD000CA9B1 /* Build configuration list for PBXNativeTarget "masupo" */;
			buildPhases = (
				6BD07A871FAE91BD000CA9B1 /* Sources */,
				6BD07A881FAE91BD000CA9B1 /* Frameworks */,
				6BD07A891FAE91BD000CA9B1 /* Resources */,
				6BD07AC51FAE937C000CA9B1 /* Embed Frameworks */,
			);
			buildRules = (
			);
			dependencies = (
			);
			name = masupo;
			productName = masupo;
			productReference = 6BD07A8B1FAE91BD000CA9B1 /* masupo.app */;
			productType = "com.apple.product-type.application";
		};
		6BD07A9E1FAE91BD000CA9B1 /* masupoTests */ = {
			isa = PBXNativeTarget;
			buildConfigurationList = 6BD07AB61FAE91BD000CA9B1 /* Build configuration list for PBXNativeTarget "masupoTests" */;
			buildPhases = (
				6BD07A9B1FAE91BD000CA9B1 /* Sources */,
				6BD07A9C1FAE91BD000CA9B1 /* Frameworks */,
				6BD07A9D1FAE91BD000CA9B1 /* Resources */,
			);
			buildRules = (
			);
			dependencies = (
				6BD07AA11FAE91BD000CA9B1 /* PBXTargetDependency */,
			);
			name = masupoTests;
			productName = masupoTests;
			productReference = 6BD07A9F1FAE91BD000CA9B1 /* masupoTests.xctest */;
			productType = "com.apple.product-type.bundle.unit-test";
		};
		6BD07AA91FAE91BD000CA9B1 /* masupoUITests */ = {
			isa = PBXNativeTarget;
			buildConfigurationList = 6BD07AB91FAE91BD000CA9B1 /* Build configuration list for PBXNativeTarget "masupoUITests" */;
			buildPhases = (
				6BD07AA61FAE91BD000CA9B1 /* Sources */,
				6BD07AA71FAE91BD000CA9B1 /* Frameworks */,
				6BD07AA81FAE91BD000CA9B1 /* Resources */,
			);
			buildRules = (
			);
			dependencies = (
				6BD07AAC1FAE91BD000CA9B1 /* PBXTargetDependency */,
			);
			name = masupoUITests;
			productName = masupoUITests;
			productReference = 6BD07AAA1FAE91BD000CA9B1 /* masupoUITests.xctest */;
			productType = "com.apple.product-type.bundle.ui-testing";
		};
/* End PBXNativeTarget section */

/* Begin PBXProject section */
		6BD07A831FAE91BD000CA9B1 /* Project object */ = {
			isa = PBXProject;
			attributes = {
				LastSwiftUpdateCheck = 0910;
				LastUpgradeCheck = 0910;
				ORGANIZATIONNAME = sabazusi;
				TargetAttributes = {
					6BD07A8A1FAE91BD000CA9B1 = {
						CreatedOnToolsVersion = 9.1;
						ProvisioningStyle = Automatic;
					};
					6BD07A9E1FAE91BD000CA9B1 = {
						CreatedOnToolsVersion = 9.1;
						ProvisioningStyle = Automatic;
						TestTargetID = 6BD07A8A1FAE91BD000CA9B1;
					};
					6BD07AA91FAE91BD000CA9B1 = {
						CreatedOnToolsVersion = 9.1;
						ProvisioningStyle = Automatic;
						TestTargetID = 6BD07A8A1FAE91BD000CA9B1;
					};
				};
			};
			buildConfigurationList = 6BD07A861FAE91BD000CA9B1 /* Build configuration list for PBXProject "masupo" */;
			compatibilityVersion = "Xcode 8.0";
			developmentRegion = en;
			hasScannedForEncodings = 0;
			knownRegions = (
				en,
				Base,
			);
			mainGroup = 6BD07A821FAE91BD000CA9B1;
			productRefGroup = 6BD07A8C1FAE91BD000CA9B1 /* Products */;
			projectDirPath = "";
			projectRoot = "";
			targets = (
				6BD07A8A1FAE91BD000CA9B1 /* masupo */,
				6BD07A9E1FAE91BD000CA9B1 /* masupoTests */,
				6BD07AA91FAE91BD000CA9B1 /* masupoUITests */,
			);
		};
/* End PBXProject section */

/* Begin PBXResourcesBuildPhase section */
		6BD07A891FAE91BD000CA9B1 /* Resources */ = {
			isa = PBXResourcesBuildPhase;
			buildActionMask = 2147483647;
			files = (
				6BD07A991FAE91BD000CA9B1 /* LaunchScreen.storyboard in Resources */,
				6BD07A961FAE91BD000CA9B1 /* Assets.xcassets in Resources */,
				6BD07A941FAE91BD000CA9B1 /* Main.storyboard in Resources */,
			);
			runOnlyForDeploymentPostprocessing = 0;
		};
		6BD07A9D1FAE91BD000CA9B1 /* Resources */ = {
			isa = PBXResourcesBuildPhase;
			buildActionMask = 2147483647;
			files = (
			);
			runOnlyForDeploymentPostprocessing = 0;
		};
		6BD07AA81FAE91BD000CA9B1 /* Resources */ = {
			isa = PBXResourcesBuildPhase;
			buildActionMask = 2147483647;
			files = (
			);
			runOnlyForDeploymentPostprocessing = 0;
		};
/* End PBXResourcesBuildPhase section */

/* Begin PBXSourcesBuildPhase section */
		6BD07A871FAE91BD000CA9B1 /* Sources */ = {
			isa = PBXSourcesBuildPhase;
			buildActionMask = 2147483647;
			files = (
				6BD07A911FAE91BD000CA9B1 /* ViewController.swift in Sources */,
				6BD07A8F1FAE91BD000CA9B1 /* AppDelegate.swift in Sources */,
			);
			runOnlyForDeploymentPostprocessing = 0;
		};
		6BD07A9B1FAE91BD000CA9B1 /* Sources */ = {
			isa = PBXSourcesBuildPhase;
			buildActionMask = 2147483647;
			files = (
				6BD07AA41FAE91BD000CA9B1 /* masupoTests.swift in Sources */,
			);
			runOnlyForDeploymentPostprocessing = 0;
		};
		6BD07AA61FAE91BD000CA9B1 /* Sources */ = {
			isa = PBXSourcesBuildPhase;
			buildActionMask = 2147483647;
			files = (
				6BD07AAF1FAE91BD000CA9B1 /* masupoUITests.swift in Sources */,
			);
			runOnlyForDeploymentPostprocessing = 0;
		};
/* End PBXSourcesBuildPhase section */

/* Begin PBXTargetDependency section */
		6BD07AA11FAE91BD000CA9B1 /* PBXTargetDependency */ = {
			isa = PBXTargetDependency;
			target = 6BD07A8A1FAE91BD000CA9B1 /* masupo */;
			targetProxy = 6BD07AA01FAE91BD000CA9B1 /* PBXContainerItemProxy */;
		};
		6BD07AAC1FAE91BD000CA9B1 /* PBXTargetDependency */ = {
			isa = PBXTargetDependency;
			target = 6BD07A8A1FAE91BD000CA9B1 /* masupo */;
			targetProxy = 6BD07AAB1FAE91BD000CA9B1 /* PBXContainerItemProxy */;
		};
/* End PBXTargetDependency section */

/* Begin PBXVariantGroup section */
		6BD07A921FAE91BD000CA9B1 /* Main.storyboard */ = {
			isa = PBXVariantGroup;
			children = (
				6BD07A931FAE91BD000CA9B1 /* Base */,
			);
			name = Main.storyboard;
			sourceTree = "<group>";
		};
		6BD07A971FAE91BD000CA9B1 /* LaunchScreen.storyboard */ = {
			isa = PBXVariantGroup;
			children = (
				6BD07A981FAE91BD000CA9B1 /* Base */,
			);
			name = LaunchScreen.storyboard;
			sourceTree = "<group>";
		};
/* End PBXVariantGroup section */

/* Begin XCBuildConfiguration section */
		6BD07AB11FAE91BD000CA9B1 /* Debug */ = {
			isa = XCBuildConfiguration;
			buildSettings = {
				ALWAYS_SEARCH_USER_PATHS = NO;
				CLANG_ANALYZER_NONNULL = YES;
				CLANG_ANALYZER_NUMBER_OBJECT_CONVERSION = YES_AGGRESSIVE;
				CLANG_CXX_LANGUAGE_STANDARD = "gnu++14";
				CLANG_CXX_LIBRARY = "libc++";
				CLANG_ENABLE_MODULES = YES;
				CLANG_ENABLE_OBJC_ARC = YES;
				CLANG_WARN_BLOCK_CAPTURE_AUTORELEASING = YES;
				CLANG_WARN_BOOL_CONVERSION = YES;
				CLANG_WARN_COMMA = YES;
				CLANG_WARN_CONSTANT_CONVERSION = YES;
				CLANG_WARN_DIRECT_OBJC_ISA_USAGE = YES_ERROR;
				CLANG_WARN_DOCUMENTATION_COMMENTS = YES;
				CLANG_WARN_EMPTY_BODY = YES;
				CLANG_WARN_ENUM_CONVERSION = YES;
				CLANG_WARN_INFINITE_RECURSION = YES;
				CLANG_WARN_INT_CONVERSION = YES;
				CLANG_WARN_NON_LITERAL_NULL_CONVERSION = YES;
				CLANG_WARN_OBJC_LITERAL_CONVERSION = YES;
				CLANG_WARN_OBJC_ROOT_CLASS = YES_ERROR;
				CLANG_WARN_RANGE_LOOP_ANALYSIS = YES;
				CLANG_WARN_STRICT_PROTOTYPES = YES;
				CLANG_WARN_SUSPICIOUS_MOVE = YES;
				CLANG_WARN_UNGUARDED_AVAILABILITY = YES_AGGRESSIVE;
				CLANG_WARN_UNREACHABLE_CODE = YES;
				CLANG_WARN__DUPLICATE_METHOD_MATCH = YES;
				CODE_SIGN_IDENTITY = "iPhone Developer";
				COPY_PHASE_STRIP = NO;
				DEBUG_INFORMATION_FORMAT = dwarf;
				ENABLE_STRICT_OBJC_MSGSEND = YES;
				ENABLE_TESTABILITY = YES;
				GCC_C_LANGUAGE_STANDARD = gnu11;
				GCC_DYNAMIC_NO_PIC = NO;
				GCC_NO_COMMON_BLOCKS = YES;
				GCC_OPTIMIZATION_LEVEL = 0;
				GCC_PREPROCESSOR_DEFINITIONS = (
					"DEBUG=1",
					"$(inherited)",
				);
				GCC_WARN_64_TO_32_BIT_CONVERSION = YES;
				GCC_WARN_ABOUT_RETURN_TYPE = YES_ERROR;
				GCC_WARN_UNDECLARED_SELECTOR = YES;
				GCC_WARN_UNINITIALIZED_AUTOS = YES_AGGRESSIVE;
				GCC_WARN_UNUSED_FUNCTION = YES;
				GCC_WARN_UNUSED_VARIABLE = YES;
				IPHONEOS_DEPLOYMENT_TARGET = 11.1;
				MTL_ENABLE_DEBUG_INFO = YES;
				ONLY_ACTIVE_ARCH = YES;
				SDKROOT = iphoneos;
				SWIFT_ACTIVE_COMPILATION_CONDITIONS = DEBUG;
				SWIFT_OPTIMIZATION_LEVEL = "-Onone";
			};
			name = Debug;
		};
		6BD07AB21FAE91BD000CA9B1 /* Release */ = {
			isa = XCBuildConfiguration;
			buildSettings = {
				ALWAYS_SEARCH_USER_PATHS = NO;
				CLANG_ANALYZER_NONNULL = YES;
				CLANG_ANALYZER_NUMBER_OBJECT_CONVERSION = YES_AGGRESSIVE;
				CLANG_CXX_LANGUAGE_STANDARD = "gnu++14";
				CLANG_CXX_LIBRARY = "libc++";
				CLANG_ENABLE_MODULES = YES;
				CLANG_ENABLE_OBJC_ARC = YES;
				CLANG_WARN_BLOCK_CAPTURE_AUTORELEASING = YES;
				CLANG_WARN_BOOL_CONVERSION = YES;
				CLANG_WARN_COMMA = YES;
				CLANG_WARN_CONSTANT_CONVERSION = YES;
				CLANG_WARN_DIRECT_OBJC_ISA_USAGE = YES_ERROR;
				CLANG_WARN_DOCUMENTATION_COMMENTS = YES;
				CLANG_WARN_EMPTY_BODY = YES;
				CLANG_WARN_ENUM_CONVERSION = YES;
				CLANG_WARN_INFINITE_RECURSION = YES;
				CLANG_WARN_INT_CONVERSION = YES;
				CLANG_WARN_NON_LITERAL_NULL_CONVERSION = YES;
				CLANG_WARN_OBJC_LITERAL_CONVERSION = YES;
				CLANG_WARN_OBJC_ROOT_CLASS = YES_ERROR;
				CLANG_WARN_RANGE_LOOP_ANALYSIS = YES;
				CLANG_WARN_STRICT_PROTOTYPES = YES;
				CLANG_WARN_SUSPICIOUS_MOVE = YES;
				CLANG_WARN_UNGUARDED_AVAILABILITY = YES_AGGRESSIVE;
				CLANG_WARN_UNREACHABLE_CODE = YES;
				CLANG_WARN__DUPLICATE_METHOD_MATCH = YES;
				CODE_SIGN_IDENTITY = "iPhone Developer";
				COPY_PHASE_STRIP = NO;
				DEBUG_INFORMATION_FORMAT = "dwarf-with-dsym";
				ENABLE_NS_ASSERTIONS = NO;
				ENABLE_STRICT_OBJC_MSGSEND = YES;
				GCC_C_LANGUAGE_STANDARD = gnu11;
				GCC_NO_COMMON_BLOCKS = YES;
				GCC_WARN_64_TO_32_BIT_CONVERSION = YES;
				GCC_WARN_ABOUT_RETURN_TYPE = YES_ERROR;
				GCC_WARN_UNDECLARED_SELECTOR = YES;
				GCC_WARN_UNINITIALIZED_AUTOS = YES_AGGRESSIVE;
				GCC_WARN_UNUSED_FUNCTION = YES;
				GCC_WARN_UNUSED_VARIABLE = YES;
				IPHONEOS_DEPLOYMENT_TARGET = 11.1;
				MTL_ENABLE_DEBUG_INFO = NO;
				SDKROOT = iphoneos;
				SWIFT_OPTIMIZATION_LEVEL = "-Owholemodule";
				VALIDATE_PRODUCT = YES;
			};
			name = Release;
		};
		6BD07AB41FAE91BD000CA9B1 /* Debug */ = {
			isa = XCBuildConfiguration;
			buildSettings = {
				ASSETCATALOG_COMPILER_APPICON_NAME = AppIcon;
				CODE_SIGN_STYLE = Automatic;
				FRAMEWORK_SEARCH_PATHS = (
					"$(inherited)",
					"$(PROJECT_DIR)/Carthage/Build/iOS",
				);
				HEADER_SEARCH_PATHS = "$(SDKROOT)/usr/include/libxml2";
				INFOPLIST_FILE = masupo/Info.plist;
				LD_RUNPATH_SEARCH_PATHS = "$(inherited) @executable_path/Frameworks";
				PRODUCT_BUNDLE_IDENTIFIER = sabazusi.masupo;
				PRODUCT_NAME = "$(TARGET_NAME)";
				SWIFT_VERSION = 4.0;
				TARGETED_DEVICE_FAMILY = "1,2";
			};
			name = Debug;
		};
		6BD07AB51FAE91BD000CA9B1 /* Release */ = {
			isa = XCBuildConfiguration;
			buildSettings = {
				ASSETCATALOG_COMPILER_APPICON_NAME = AppIcon;
				CODE_SIGN_STYLE = Automatic;
				FRAMEWORK_SEARCH_PATHS = (
					"$(inherited)",
					"$(PROJECT_DIR)/Carthage/Build/iOS",
				);
				HEADER_SEARCH_PATHS = "$(SDKROOT)/usr/include/libxml2";
				INFOPLIST_FILE = masupo/Info.plist;
				LD_RUNPATH_SEARCH_PATHS = "$(inherited) @executable_path/Frameworks";
				PRODUCT_BUNDLE_IDENTIFIER = sabazusi.masupo;
				PRODUCT_NAME = "$(TARGET_NAME)";
				SWIFT_VERSION = 4.0;
				TARGETED_DEVICE_FAMILY = "1,2";
			};
			name = Release;
		};
		6BD07AB71FAE91BD000CA9B1 /* Debug */ = {
			isa = XCBuildConfiguration;
			buildSettings = {
				ALWAYS_EMBED_SWIFT_STANDARD_LIBRARIES = YES;
				BUNDLE_LOADER = "$(TEST_HOST)";
				CODE_SIGN_STYLE = Automatic;
				INFOPLIST_FILE = masupoTests/Info.plist;
				LD_RUNPATH_SEARCH_PATHS = "$(inherited) @executable_path/Frameworks @loader_path/Frameworks";
				PRODUCT_BUNDLE_IDENTIFIER = sabazusi.masupoTests;
				PRODUCT_NAME = "$(TARGET_NAME)";
				SWIFT_VERSION = 4.0;
				TARGETED_DEVICE_FAMILY = "1,2";
				TEST_HOST = "$(BUILT_PRODUCTS_DIR)/masupo.app/masupo";
			};
			name = Debug;
		};
		6BD07AB81FAE91BD000CA9B1 /* Release */ = {
			isa = XCBuildConfiguration;
			buildSettings = {
				ALWAYS_EMBED_SWIFT_STANDARD_LIBRARIES = YES;
				BUNDLE_LOADER = "$(TEST_HOST)";
				CODE_SIGN_STYLE = Automatic;
				INFOPLIST_FILE = masupoTests/Info.plist;
				LD_RUNPATH_SEARCH_PATHS = "$(inherited) @executable_path/Frameworks @loader_path/Frameworks";
				PRODUCT_BUNDLE_IDENTIFIER = sabazusi.masupoTests;
				PRODUCT_NAME = "$(TARGET_NAME)";
				SWIFT_VERSION = 4.0;
				TARGETED_DEVICE_FAMILY = "1,2";
				TEST_HOST = "$(BUILT_PRODUCTS_DIR)/masupo.app/masupo";
			};
			name = Release;
		};
		6BD07ABA1FAE91BD000CA9B1 /* Debug */ = {
			isa = XCBuildConfiguration;
			buildSettings = {
				ALWAYS_EMBED_SWIFT_STANDARD_LIBRARIES = YES;
				CODE_SIGN_STYLE = Automatic;
				INFOPLIST_FILE = masupoUITests/Info.plist;
				LD_RUNPATH_SEARCH_PATHS = "$(inherited) @executable_path/Frameworks @loader_path/Frameworks";
				PRODUCT_BUNDLE_IDENTIFIER = sabazusi.masupoUITests;
				PRODUCT_NAME = "$(TARGET_NAME)";
				SWIFT_VERSION = 4.0;
				TARGETED_DEVICE_FAMILY = "1,2";
				TEST_TARGET_NAME = masupo;
			};
			name = Debug;
		};
		6BD07ABB1FAE91BD000CA9B1 /* Release */ = {
			isa = XCBuildConfiguration;
			buildSettings = {
				ALWAYS_EMBED_SWIFT_STANDARD_LIBRARIES = YES;
				CODE_SIGN_STYLE = Automatic;
				INFOPLIST_FILE = masupoUITests/Info.plist;
				LD_RUNPATH_SEARCH_PATHS = "$(inherited) @executable_path/Frameworks @loader_path/Frameworks";
				PRODUCT_BUNDLE_IDENTIFIER = sabazusi.masupoUITests;
				PRODUCT_NAME = "$(TARGET_NAME)";
				SWIFT_VERSION = 4.0;
				TARGETED_DEVICE_FAMILY = "1,2";
				TEST_TARGET_NAME = masupo;
			};
			name = Release;
		};
/* End XCBuildConfiguration section */

/* Begin XCConfigurationList section */
		6BD07A861FAE91BD000CA9B1 /* Build configuration list for PBXProject "masupo" */ = {
			isa = XCConfigurationList;
			buildConfigurations = (
				6BD07AB11FAE91BD000CA9B1 /* Debug */,
				6BD07AB21FAE91BD000CA9B1 /* Release */,
			);
			defaultConfigurationIsVisible = 0;
			defaultConfigurationName = Release;
		};
		6BD07AB31FAE91BD000CA9B1 /* Build configuration list for PBXNativeTarget "masupo" */ = {
			isa = XCConfigurationList;
			buildConfigurations = (
				6BD07AB41FAE91BD000CA9B1 /* Debug */,
				6BD07AB51FAE91BD000CA9B1 /* Release */,
			);
			defaultConfigurationIsVisible = 0;
			defaultConfigurationName = Release;
		};
		6BD07AB61FAE91BD000CA9B1 /* Build configuration list for PBXNativeTarget "masupoTests" */ = {
			isa = XCConfigurationList;
			buildConfigurations = (
				6BD07AB71FAE91BD000CA9B1 /* Debug */,
				6BD07AB81FAE91BD000CA9B1 /* Release */,
			);
			defaultConfigurationIsVisible = 0;
			defaultConfigurationName = Release;
		};
		6BD07AB91FAE91BD000CA9B1 /* Build configuration list for PBXNativeTarget "masupoUITests" */ = {
			isa = XCConfigurationList;
			buildConfigurations = (
				6BD07ABA1FAE91BD000CA9B1 /* Debug */,
				6BD07ABB1FAE91BD000CA9B1 /* Release */,
			);
			defaultConfigurationIsVisible = 0;
			defaultConfigurationName = Release;
		};
/* End XCConfigurationList section */
	};
	rootObject = 6BD07A831FAE91BD000CA9B1 /* Project object */;
}
